
Microsoft Visual Studio Solution File, Format Version 12.00
# Visual Studio Version 16
VisualStudioVersion = 16.0.30011.22
MinimumVisualStudioVersion = 10.0.40219.1
Project("{FAE04EC0-301F-11D3-BF4B-00C04F79EFBC}") = "MyDiary.Framework.Startup", "MyDiary.Framework.Startup\MyDiary.Framework.Startup.csproj", "{CE807596-A391-463A-8AF1-7BEC70F3973F}"
EndProject
Global
	GlobalSection(SolutionConfigurationPlatforms) = preSolution
		Debug|Any CPU = Debug|Any CPU
		Release|Any CPU = Release|Any CPU
	EndGlobalSection
	GlobalSection(ProjectConfigurationPlatforms) = postSolution
		{CE807596-A391-463A-8AF1-7BEC70F3973F}.Debug|Any CPU.ActiveCfg = Debug|Any CPU
		{CE807596-A391-463A-8AF1-7BEC70F3973F}.Debug|Any CPU.Build.0 = Debug|Any CPU
		{CE807596-A391-463A-8AF1-7BEC70F3973F}.Release|Any CPU.ActiveCfg = Release|Any CPU
		{CE807596-A391-463A-8AF1-7BEC70F3973F}.Release|Any CPU.Build.0 = Release|Any CPU
	EndGlobalSection
	GlobalSection(SolutionProperties) = preSolution
		HideSolutionNode = FALSE
	EndGlobalSection
	GlobalSection(ExtensibilityGlobals) = postSolution
		SolutionGuid = {75D82F98-8F40-4438-97BC-448143E7CC48}
	EndGlobalSection
EndGlobal
